
Microsoft Visual Studio Solution File, Format Version 12.00
# Visual Studio Version 17
VisualStudioVersion = 17.2.32630.192
MinimumVisualStudioVersion = 10.0.40219.1
Project("{FAE04EC0-301F-11D3-BF4B-00C04F79EFBC}") = "Homework_18", "Homework_18\Homework_18.csproj", "{D148B196-8AF6-44A4-85F7-B48424CA2333}"
EndProject
Global
	GlobalSection(SolutionConfigurationPlatforms) = preSolution
		Debug|Any CPU = Debug|Any CPU
		Release|Any CPU = Release|Any CPU
	EndGlobalSection
	GlobalSection(ProjectConfigurationPlatforms) = postSolution
		{D148B196-8AF6-44A4-85F7-B48424CA2333}.Debug|Any CPU.ActiveCfg = Debug|Any CPU
		{D148B196-8AF6-44A4-85F7-B48424CA2333}.Debug|Any CPU.Build.0 = Debug|Any CPU
		{D148B196-8AF6-44A4-85F7-B48424CA2333}.Release|Any CPU.ActiveCfg = Release|Any CPU
		{D148B196-8AF6-44A4-85F7-B48424CA2333}.Release|Any CPU.Build.0 = Release|Any CPU
	EndGlobalSection
	GlobalSection(SolutionProperties) = preSolution
		HideSolutionNode = FALSE
	EndGlobalSection
	GlobalSection(ExtensibilityGlobals) = postSolution
		SolutionGuid = {2D024545-E4BC-48B5-93AF-B89F7C2B2216}
	EndGlobalSection
EndGlobal
